
Microsoft Visual Studio Solution File, Format Version 12.00
# Visual Studio Version 17
VisualStudioVersion = 17.0.31903.59
MinimumVisualStudioVersion = 10.0.40219.1
Project("{FAE04EC0-301F-11D3-BF4B-00C04F79EFBC}") = "Almostengr.FalconPiPlayer.ApiClient", "Almostengr.FalconPiPlayer.ApiClient\Almostengr.FalconPiPlayer.ApiClient.csproj", "{8628032A-80DA-41E1-8E2F-07A1479CA4C6}"
EndProject
Project("{FAE04EC0-301F-11D3-BF4B-00C04F79EFBC}") = "Almostengr.FalconPiPlayer.ApiClient.IntegrationTests", "Almostengr.FalconPiPlayer.ApiClient.IntegrationTests\Almostengr.FalconPiPlayer.ApiClient.IntegrationTests.csproj", "{3D2495CA-53AA-4B4F-9187-B6D1A643233F}"
EndProject
Project("{FAE04EC0-301F-11D3-BF4B-00C04F79EFBC}") = "Almostengr.LightShow.Agent", "Almostengr.LightShow.Agent\Almostengr.LightShow.Agent.csproj", "{711FAD92-3C93-408F-AFC5-8C915931FD67}"
EndProject
Project("{FAE04EC0-301F-11D3-BF4B-00C04F79EFBC}") = "Almostengr.LightShow.Common", "Almostengr.LightShow.Common\Almostengr.LightShow.Common.csproj", "{D08A65A1-FA08-4936-BD84-4D29ACB569FF}"
EndProject
Project("{FAE04EC0-301F-11D3-BF4B-00C04F79EFBC}") = "Almostengr.LightShow.Agent.IntegrationTests", "Almostengr.LightShow.Agent.IntegrationTests\Almostengr.LightShow.Agent.IntegrationTests.csproj", "{1C8311D1-B430-493A-8907-5BA11C173E4E}"
EndProject
Project("{FAE04EC0-301F-11D3-BF4B-00C04F79EFBC}") = "Almostengr.LightShow.Web.ApiClient", "Almostengr.LightShow.Web.ApiClient\Almostengr.LightShow.Web.ApiClient.csproj", "{0529E744-C6D0-4C3B-B8C1-4AD3B537CF17}"
EndProject
Project("{FAE04EC0-301F-11D3-BF4B-00C04F79EFBC}") = "Almostengr.LightShow.Web.ApiClient.IntegrationTests", "Almostengr.LightShow.Web.ApiClient.IntegrationTests\Almostengr.LightShow.Web.ApiClient.IntegrationTests.csproj", "{540D8FE4-67E3-409F-9512-86F01902E9C4}"
EndProject
Global
	GlobalSection(SolutionConfigurationPlatforms) = preSolution
		Debug|Any CPU = Debug|Any CPU
		Debug|x64 = Debug|x64
		Debug|x86 = Debug|x86
		Release|Any CPU = Release|Any CPU
		Release|x64 = Release|x64
		Release|x86 = Release|x86
	EndGlobalSection
	GlobalSection(ProjectConfigurationPlatforms) = postSolution
		{8628032A-80DA-41E1-8E2F-07A1479CA4C6}.Debug|Any CPU.ActiveCfg = Debug|Any CPU
		{8628032A-80DA-41E1-8E2F-07A1479CA4C6}.Debug|Any CPU.Build.0 = Debug|Any CPU
		{8628032A-80DA-41E1-8E2F-07A1479CA4C6}.Debug|x64.ActiveCfg = Debug|Any CPU
		{8628032A-80DA-41E1-8E2F-07A1479CA4C6}.Debug|x64.Build.0 = Debug|Any CPU
		{8628032A-80DA-41E1-8E2F-07A1479CA4C6}.Debug|x86.ActiveCfg = Debug|Any CPU
		{8628032A-80DA-41E1-8E2F-07A1479CA4C6}.Debug|x86.Build.0 = Debug|Any CPU
		{8628032A-80DA-41E1-8E2F-07A1479CA4C6}.Release|Any CPU.ActiveCfg = Release|Any CPU
		{8628032A-80DA-41E1-8E2F-07A1479CA4C6}.Release|Any CPU.Build.0 = Release|Any CPU
		{8628032A-80DA-41E1-8E2F-07A1479CA4C6}.Release|x64.ActiveCfg = Release|Any CPU
		{8628032A-80DA-41E1-8E2F-07A1479CA4C6}.Release|x64.Build.0 = Release|Any CPU
		{8628032A-80DA-41E1-8E2F-07A1479CA4C6}.Release|x86.ActiveCfg = Release|Any CPU
		{8628032A-80DA-41E1-8E2F-07A1479CA4C6}.Release|x86.Build.0 = Release|Any CPU
		{3D2495CA-53AA-4B4F-9187-B6D1A643233F}.Debug|Any CPU.ActiveCfg = Debug|Any CPU
		{3D2495CA-53AA-4B4F-9187-B6D1A643233F}.Debug|Any CPU.Build.0 = Debug|Any CPU
		{3D2495CA-53AA-4B4F-9187-B6D1A643233F}.Debug|x64.ActiveCfg = Debug|Any CPU
		{3D2495CA-53AA-4B4F-9187-B6D1A643233F}.Debug|x64.Build.0 = Debug|Any CPU
		{3D2495CA-53AA-4B4F-9187-B6D1A643233F}.Debug|x86.ActiveCfg = Debug|Any CPU
		{3D2495CA-53AA-4B4F-9187-B6D1A643233F}.Debug|x86.Build.0 = Debug|Any CPU
		{3D2495CA-53AA-4B4F-9187-B6D1A643233F}.Release|Any CPU.ActiveCfg = Release|Any CPU
		{3D2495CA-53AA-4B4F-9187-B6D1A643233F}.Release|Any CPU.Build.0 = Release|Any CPU
		{3D2495CA-53AA-4B4F-9187-B6D1A643233F}.Release|x64.ActiveCfg = Release|Any CPU
		{3D2495CA-53AA-4B4F-9187-B6D1A643233F}.Release|x64.Build.0 = Release|Any CPU
		{3D2495CA-53AA-4B4F-9187-B6D1A643233F}.Release|x86.ActiveCfg = Release|Any CPU
		{3D2495CA-53AA-4B4F-9187-B6D1A643233F}.Release|x86.Build.0 = Release|Any CPU
		{711FAD92-3C93-408F-AFC5-8C915931FD67}.Debug|Any CPU.ActiveCfg = Debug|Any CPU
		{711FAD92-3C93-408F-AFC5-8C915931FD67}.Debug|Any CPU.Build.0 = Debug|Any CPU
		{711FAD92-3C93-408F-AFC5-8C915931FD67}.Debug|x64.ActiveCfg = Debug|Any CPU
		{711FAD92-3C93-408F-AFC5-8C915931FD67}.Debug|x64.Build.0 = Debug|Any CPU
		{711FAD92-3C93-408F-AFC5-8C915931FD67}.Debug|x86.ActiveCfg = Debug|Any CPU
		{711FAD92-3C93-408F-AFC5-8C915931FD67}.Debug|x86.Build.0 = Debug|Any CPU
		{711FAD92-3C93-408F-AFC5-8C915931FD67}.Release|Any CPU.ActiveCfg = Release|Any CPU
		{711FAD92-3C93-408F-AFC5-8C915931FD67}.Release|Any CPU.Build.0 = Release|Any CPU
		{711FAD92-3C93-408F-AFC5-8C915931FD67}.Release|x64.ActiveCfg = Release|Any CPU
		{711FAD92-3C93-408F-AFC5-8C915931FD67}.Release|x64.Build.0 = Release|Any CPU
		{711FAD92-3C93-408F-AFC5-8C915931FD67}.Release|x86.ActiveCfg = Release|Any CPU
		{711FAD92-3C93-408F-AFC5-8C915931FD67}.Release|x86.Build.0 = Release|Any CPU
		{D08A65A1-FA08-4936-BD84-4D29ACB569FF}.Debug|Any CPU.ActiveCfg = Debug|Any CPU
		{D08A65A1-FA08-4936-BD84-4D29ACB569FF}.Debug|Any CPU.Build.0 = Debug|Any CPU
		{D08A65A1-FA08-4936-BD84-4D29ACB569FF}.Debug|x64.ActiveCfg = Debug|Any CPU
		{D08A65A1-FA08-4936-BD84-4D29ACB569FF}.Debug|x64.Build.0 = Debug|Any CPU
		{D08A65A1-FA08-4936-BD84-4D29ACB569FF}.Debug|x86.ActiveCfg = Debug|Any CPU
		{D08A65A1-FA08-4936-BD84-4D29ACB569FF}.Debug|x86.Build.0 = Debug|Any CPU
		{D08A65A1-FA08-4936-BD84-4D29ACB569FF}.Release|Any CPU.ActiveCfg = Release|Any CPU
		{D08A65A1-FA08-4936-BD84-4D29ACB569FF}.Release|Any CPU.Build.0 = Release|Any CPU
		{D08A65A1-FA08-4936-BD84-4D29ACB569FF}.Release|x64.ActiveCfg = Release|Any CPU
		{D08A65A1-FA08-4936-BD84-4D29ACB569FF}.Release|x64.Build.0 = Release|Any CPU
		{D08A65A1-FA08-4936-BD84-4D29ACB569FF}.Release|x86.ActiveCfg = Release|Any CPU
		{D08A65A1-FA08-4936-BD84-4D29ACB569FF}.Release|x86.Build.0 = Release|Any CPU
		{1C8311D1-B430-493A-8907-5BA11C173E4E}.Debug|Any CPU.ActiveCfg = Debug|Any CPU
		{1C8311D1-B430-493A-8907-5BA11C173E4E}.Debug|Any CPU.Build.0 = Debug|Any CPU
		{1C8311D1-B430-493A-8907-5BA11C173E4E}.Debug|x64.ActiveCfg = Debug|Any CPU
		{1C8311D1-B430-493A-8907-5BA11C173E4E}.Debug|x64.Build.0 = Debug|Any CPU
		{1C8311D1-B430-493A-8907-5BA11C173E4E}.Debug|x86.ActiveCfg = Debug|Any CPU
		{1C8311D1-B430-493A-8907-5BA11C173E4E}.Debug|x86.Build.0 = Debug|Any CPU
		{1C8311D1-B430-493A-8907-5BA11C173E4E}.Release|Any CPU.ActiveCfg = Release|Any CPU
		{1C8311D1-B430-493A-8907-5BA11C173E4E}.Release|Any CPU.Build.0 = Release|Any CPU
		{1C8311D1-B430-493A-8907-5BA11C173E4E}.Release|x64.ActiveCfg = Release|Any CPU
		{1C8311D1-B430-493A-8907-5BA11C173E4E}.Release|x64.Build.0 = Release|Any CPU
		{1C8311D1-B430-493A-8907-5BA11C173E4E}.Release|x86.ActiveCfg = Release|Any CPU
		{1C8311D1-B430-493A-8907-5BA11C173E4E}.Release|x86.Build.0 = Release|Any CPU
		{0529E744-C6D0-4C3B-B8C1-4AD3B537CF17}.Debug|Any CPU.ActiveCfg = Debug|Any CPU
		{0529E744-C6D0-4C3B-B8C1-4AD3B537CF17}.Debug|Any CPU.Build.0 = Debug|Any CPU
		{0529E744-C6D0-4C3B-B8C1-4AD3B537CF17}.Debug|x64.ActiveCfg = Debug|Any CPU
		{0529E744-C6D0-4C3B-B8C1-4AD3B537CF17}.Debug|x64.Build.0 = Debug|Any CPU
		{0529E744-C6D0-4C3B-B8C1-4AD3B537CF17}.Debug|x86.ActiveCfg = Debug|Any CPU
		{0529E744-C6D0-4C3B-B8C1-4AD3B537CF17}.Debug|x86.Build.0 = Debug|Any CPU
		{0529E744-C6D0-4C3B-B8C1-4AD3B537CF17}.Release|Any CPU.ActiveCfg = Release|Any CPU
		{0529E744-C6D0-4C3B-B8C1-4AD3B537CF17}.Release|Any CPU.Build.0 = Release|Any CPU
		{0529E744-C6D0-4C3B-B8C1-4AD3B537CF17}.Release|x64.ActiveCfg = Release|Any CPU
		{0529E744-C6D0-4C3B-B8C1-4AD3B537CF17}.Release|x64.Build.0 = Release|Any CPU
		{0529E744-C6D0-4C3B-B8C1-4AD3B537CF17}.Release|x86.ActiveCfg = Release|Any CPU
		{0529E744-C6D0-4C3B-B8C1-4AD3B537CF17}.Release|x86.Build.0 = Release|Any CPU
		{540D8FE4-67E3-409F-9512-86F01902E9C4}.Debug|Any CPU.ActiveCfg = Debug|Any CPU
		{540D8FE4-67E3-409F-9512-86F01902E9C4}.Debug|Any CPU.Build.0 = Debug|Any CPU
		{540D8FE4-67E3-409F-9512-86F01902E9C4}.Debug|x64.ActiveCfg = Debug|Any CPU
		{540D8FE4-67E3-409F-9512-86F01902E9C4}.Debug|x64.Build.0 = Debug|Any CPU
		{540D8FE4-67E3-409F-9512-86F01902E9C4}.Debug|x86.ActiveCfg = Debug|Any CPU
		{540D8FE4-67E3-409F-9512-86F01902E9C4}.Debug|x86.Build.0 = Debug|Any CPU
		{540D8FE4-67E3-409F-9512-86F01902E9C4}.Release|Any CPU.ActiveCfg = Release|Any CPU
		{540D8FE4-67E3-409F-9512-86F01902E9C4}.Release|Any CPU.Build.0 = Release|Any CPU
		{540D8FE4-67E3-409F-9512-86F01902E9C4}.Release|x64.ActiveCfg = Release|Any CPU
		{540D8FE4-67E3-409F-9512-86F01902E9C4}.Release|x64.Build.0 = Release|Any CPU
		{540D8FE4-67E3-409F-9512-86F01902E9C4}.Release|x86.ActiveCfg = Release|Any CPU
		{540D8FE4-67E3-409F-9512-86F01902E9C4}.Release|x86.Build.0 = Release|Any CPU
	EndGlobalSection
	GlobalSection(SolutionProperties) = preSolution
		HideSolutionNode = FALSE
	EndGlobalSection
EndGlobal
